
Microsoft Visual Studio Solution File, Format Version 12.00
# Visual Studio Version 17
VisualStudioVersion = 17.14.36616.10 d17.14
MinimumVisualStudioVersion = 10.0.40219.1
Project("{FAE04EC0-301F-11D3-BF4B-00C04F79EFBC}") = "StudentManagementAPI", "StudentManagementAPI.csproj", "{3632A311-45CE-4A5B-AF03-A0FC85B67655}"
EndProject
Global
	GlobalSection(SolutionConfigurationPlatforms) = preSolution
		Debug|Any CPU = Debug|Any CPU
		Release|Any CPU = Release|Any CPU
	EndGlobalSection
	GlobalSection(ProjectConfigurationPlatforms) = postSolution
		{3632A311-45CE-4A5B-AF03-A0FC85B67655}.Debug|Any CPU.ActiveCfg = Debug|Any CPU
		{3632A311-45CE-4A5B-AF03-A0FC85B67655}.Debug|Any CPU.Build.0 = Debug|Any CPU
		{3632A311-45CE-4A5B-AF03-A0FC85B67655}.Release|Any CPU.ActiveCfg = Release|Any CPU
		{3632A311-45CE-4A5B-AF03-A0FC85B67655}.Release|Any CPU.Build.0 = Release|Any CPU
	EndGlobalSection
	GlobalSection(SolutionProperties) = preSolution
		HideSolutionNode = FALSE
	EndGlobalSection
	GlobalSection(ExtensibilityGlobals) = postSolution
		SolutionGuid = {3B03AE13-60FB-4803-B689-74F9B9DAB53E}
	EndGlobalSection
EndGlobal
